
Microsoft Visual Studio Solution File, Format Version 12.00
# Visual Studio Version 17
VisualStudioVersion = 17.0.32014.148
MinimumVisualStudioVersion = 10.0.40219.1
Project("{2150E333-8FDC-42A3-9474-1A3956D46DE8}") = "src", "src", "{6ED356A7-8B47-4613-AD01-C85CF28491BD}"
EndProject
Project("{9A19103F-16F7-4668-BE54-9A1E7A4F7556}") = "ElevateOTT.Domain", "src\ElevateOTT.Domain\ElevateOTT.Domain.csproj", "{E75E6FFC-AD9A-4374-ACD2-258686C7A52A}"
EndProject
Project("{9A19103F-16F7-4668-BE54-9A1E7A4F7556}") = "ElevateOTT.Infrastructure", "src\ElevateOTT.Infrastructure\ElevateOTT.Infrastructure.csproj", "{19CCD26C-74AA-4E44-9093-43CD81D44E19}"
EndProject
Project("{9A19103F-16F7-4668-BE54-9A1E7A4F7556}") = "ElevateOTT.WebAPI", "src\ElevateOTT.WebAPI\ElevateOTT.WebAPI.csproj", "{F0ED53ED-CCD4-478F-8D6D-7BA3306D4C56}"
EndProject
Project("{9A19103F-16F7-4668-BE54-9A1E7A4F7556}") = "ElevateOTT.Application", "src\ElevateOTT.Application\ElevateOTT.Application.csproj", "{8869F67E-FFFF-43F4-A6CB-D04832B155C6}"
EndProject
Project("{2150E333-8FDC-42A3-9474-1A3956D46DE8}") = "Core", "Core", "{2FC61149-0D04-4FF1-9CC1-CDB13E43FD98}"
EndProject
Project("{2150E333-8FDC-42A3-9474-1A3956D46DE8}") = "Infrastructure", "Infrastructure", "{648ACB1D-7342-4803-B3FA-FE7004DEC509}"
EndProject
Project("{2150E333-8FDC-42A3-9474-1A3956D46DE8}") = "Presentation", "Presentation", "{24056575-ED44-42AA-B4EA-F6138553E4CA}"
EndProject
Project("{2150E333-8FDC-42A3-9474-1A3956D46DE8}") = "AppResources", "AppResources", "{1644630B-561A-4EC8-8566-CDCAE8E601CC}"
EndProject
Project("{9A19103F-16F7-4668-BE54-9A1E7A4F7556}") = "ElevateOTT.BackendResources", "src\ElevateOTT.BackendResources\ElevateOTT.BackendResources.csproj", "{79139B9F-77FB-47F7-944D-A56B9D64C4F4}"
EndProject
Project("{9A19103F-16F7-4668-BE54-9A1E7A4F7556}") = "ElevateOTT.FrontendResources", "src\ElevateOTT.FrontendResources\ElevateOTT.FrontendResources.csproj", "{CFEFD60F-2B78-4C66-BD0A-E500C13F8123}"
EndProject
Project("{9A19103F-16F7-4668-BE54-9A1E7A4F7556}") = "ElevateOTT.ClientPortal", "src\ElevateOTT.ClientPortal\ElevateOTT.ClientPortal.csproj", "{77267A62-EB6E-4DFA-9BC7-47400192F332}"
EndProject
Project("{9A19103F-16F7-4668-BE54-9A1E7A4F7556}") = "ElevateOTT.HostApp", "src\ElevateOTT.Host\ElevateOTT.HostApp.csproj", "{D5403C87-6AFC-4123-B9E9-B3278C09035F}"
EndProject
Project("{2150E333-8FDC-42A3-9474-1A3956D46DE8}") = "Solution Items", "Solution Items", "{16004C70-6035-4437-8359-A89E69559549}"
	ProjectSection(SolutionItems) = preProject
		.editorconfig = .editorconfig
	EndProjectSection
EndProject
Global
	GlobalSection(SolutionConfigurationPlatforms) = preSolution
		Debug|Any CPU = Debug|Any CPU
		Release|Any CPU = Release|Any CPU
	EndGlobalSection
	GlobalSection(ProjectConfigurationPlatforms) = postSolution
		{E75E6FFC-AD9A-4374-ACD2-258686C7A52A}.Debug|Any CPU.ActiveCfg = Debug|Any CPU
		{E75E6FFC-AD9A-4374-ACD2-258686C7A52A}.Debug|Any CPU.Build.0 = Debug|Any CPU
		{E75E6FFC-AD9A-4374-ACD2-258686C7A52A}.Release|Any CPU.ActiveCfg = Release|Any CPU
		{E75E6FFC-AD9A-4374-ACD2-258686C7A52A}.Release|Any CPU.Build.0 = Release|Any CPU
		{19CCD26C-74AA-4E44-9093-43CD81D44E19}.Debug|Any CPU.ActiveCfg = Debug|Any CPU
		{19CCD26C-74AA-4E44-9093-43CD81D44E19}.Debug|Any CPU.Build.0 = Debug|Any CPU
		{19CCD26C-74AA-4E44-9093-43CD81D44E19}.Release|Any CPU.ActiveCfg = Release|Any CPU
		{19CCD26C-74AA-4E44-9093-43CD81D44E19}.Release|Any CPU.Build.0 = Release|Any CPU
		{F0ED53ED-CCD4-478F-8D6D-7BA3306D4C56}.Debug|Any CPU.ActiveCfg = Debug|Any CPU
		{F0ED53ED-CCD4-478F-8D6D-7BA3306D4C56}.Debug|Any CPU.Build.0 = Debug|Any CPU
		{F0ED53ED-CCD4-478F-8D6D-7BA3306D4C56}.Release|Any CPU.ActiveCfg = Release|Any CPU
		{F0ED53ED-CCD4-478F-8D6D-7BA3306D4C56}.Release|Any CPU.Build.0 = Release|Any CPU
		{8869F67E-FFFF-43F4-A6CB-D04832B155C6}.Debug|Any CPU.ActiveCfg = Debug|Any CPU
		{8869F67E-FFFF-43F4-A6CB-D04832B155C6}.Debug|Any CPU.Build.0 = Debug|Any CPU
		{8869F67E-FFFF-43F4-A6CB-D04832B155C6}.Release|Any CPU.ActiveCfg = Release|Any CPU
		{8869F67E-FFFF-43F4-A6CB-D04832B155C6}.Release|Any CPU.Build.0 = Release|Any CPU
		{79139B9F-77FB-47F7-944D-A56B9D64C4F4}.Debug|Any CPU.ActiveCfg = Debug|Any CPU
		{79139B9F-77FB-47F7-944D-A56B9D64C4F4}.Debug|Any CPU.Build.0 = Debug|Any CPU
		{79139B9F-77FB-47F7-944D-A56B9D64C4F4}.Release|Any CPU.ActiveCfg = Release|Any CPU
		{79139B9F-77FB-47F7-944D-A56B9D64C4F4}.Release|Any CPU.Build.0 = Release|Any CPU
		{CFEFD60F-2B78-4C66-BD0A-E500C13F8123}.Debug|Any CPU.ActiveCfg = Debug|Any CPU
		{CFEFD60F-2B78-4C66-BD0A-E500C13F8123}.Debug|Any CPU.Build.0 = Debug|Any CPU
		{CFEFD60F-2B78-4C66-BD0A-E500C13F8123}.Release|Any CPU.ActiveCfg = Release|Any CPU
		{CFEFD60F-2B78-4C66-BD0A-E500C13F8123}.Release|Any CPU.Build.0 = Release|Any CPU
		{77267A62-EB6E-4DFA-9BC7-47400192F332}.Debug|Any CPU.ActiveCfg = Release|Any CPU
		{77267A62-EB6E-4DFA-9BC7-47400192F332}.Debug|Any CPU.Build.0 = Release|Any CPU
		{77267A62-EB6E-4DFA-9BC7-47400192F332}.Release|Any CPU.ActiveCfg = Release|Any CPU
		{77267A62-EB6E-4DFA-9BC7-47400192F332}.Release|Any CPU.Build.0 = Release|Any CPU
		{D5403C87-6AFC-4123-B9E9-B3278C09035F}.Debug|Any CPU.ActiveCfg = Debug|Any CPU
		{D5403C87-6AFC-4123-B9E9-B3278C09035F}.Debug|Any CPU.Build.0 = Debug|Any CPU
		{D5403C87-6AFC-4123-B9E9-B3278C09035F}.Release|Any CPU.ActiveCfg = Release|Any CPU
		{D5403C87-6AFC-4123-B9E9-B3278C09035F}.Release|Any CPU.Build.0 = Release|Any CPU
	EndGlobalSection
	GlobalSection(SolutionProperties) = preSolution
		HideSolutionNode = FALSE
	EndGlobalSection
	GlobalSection(NestedProjects) = preSolution
		{E75E6FFC-AD9A-4374-ACD2-258686C7A52A} = {2FC61149-0D04-4FF1-9CC1-CDB13E43FD98}
		{19CCD26C-74AA-4E44-9093-43CD81D44E19} = {648ACB1D-7342-4803-B3FA-FE7004DEC509}
		{F0ED53ED-CCD4-478F-8D6D-7BA3306D4C56} = {24056575-ED44-42AA-B4EA-F6138553E4CA}
		{8869F67E-FFFF-43F4-A6CB-D04832B155C6} = {2FC61149-0D04-4FF1-9CC1-CDB13E43FD98}
		{2FC61149-0D04-4FF1-9CC1-CDB13E43FD98} = {6ED356A7-8B47-4613-AD01-C85CF28491BD}
		{648ACB1D-7342-4803-B3FA-FE7004DEC509} = {6ED356A7-8B47-4613-AD01-C85CF28491BD}
		{24056575-ED44-42AA-B4EA-F6138553E4CA} = {6ED356A7-8B47-4613-AD01-C85CF28491BD}
		{1644630B-561A-4EC8-8566-CDCAE8E601CC} = {648ACB1D-7342-4803-B3FA-FE7004DEC509}
		{79139B9F-77FB-47F7-944D-A56B9D64C4F4} = {1644630B-561A-4EC8-8566-CDCAE8E601CC}
		{CFEFD60F-2B78-4C66-BD0A-E500C13F8123} = {1644630B-561A-4EC8-8566-CDCAE8E601CC}
		{77267A62-EB6E-4DFA-9BC7-47400192F332} = {24056575-ED44-42AA-B4EA-F6138553E4CA}
		{D5403C87-6AFC-4123-B9E9-B3278C09035F} = {24056575-ED44-42AA-B4EA-F6138553E4CA}
	EndGlobalSection
	GlobalSection(ExtensibilityGlobals) = postSolution
		RESX_PrefixTranslations = False
		RESX_ConfirmAddLanguageFile = True
		RESX_AutoCreateNewLanguageFiles = True
		RESX_SortFileContentOnSave = True
		SolutionGuid = {3CB609D9-5D54-4C11-A371-DAAC8B74E430}
	EndGlobalSection
EndGlobal
